
Microsoft Visual Studio Solution File, Format Version 12.00
# Visual Studio 2012
Project("{FAE04EC0-301F-11D3-BF4B-00C04F79EFBC}") = "NiceControls", "RadioButtonList\NiceControls.csproj", "{A5520D2E-522D-4248-8A4F-121013FDD811}"
EndProject
Project("{FAE04EC0-301F-11D3-BF4B-00C04F79EFBC}") = "RadioButtonList.Tester", "RadioButtonList.Tester\RadioButtonList.Tester.csproj", "{9FEB3CBB-860E-4084-BE45-E6965B2A8AE7}"
EndProject
Global
	GlobalSection(SolutionConfigurationPlatforms) = preSolution
		Debug|Any CPU = Debug|Any CPU
		Release|Any CPU = Release|Any CPU
	EndGlobalSection
	GlobalSection(ProjectConfigurationPlatforms) = postSolution
		{A5520D2E-522D-4248-8A4F-121013FDD811}.Debug|Any CPU.ActiveCfg = Debug|Any CPU
		{A5520D2E-522D-4248-8A4F-121013FDD811}.Debug|Any CPU.Build.0 = Debug|Any CPU
		{A5520D2E-522D-4248-8A4F-121013FDD811}.Release|Any CPU.ActiveCfg = Release|Any CPU
		{A5520D2E-522D-4248-8A4F-121013FDD811}.Release|Any CPU.Build.0 = Release|Any CPU
		{9FEB3CBB-860E-4084-BE45-E6965B2A8AE7}.Debug|Any CPU.ActiveCfg = Debug|Any CPU
		{9FEB3CBB-860E-4084-BE45-E6965B2A8AE7}.Debug|Any CPU.Build.0 = Debug|Any CPU
		{9FEB3CBB-860E-4084-BE45-E6965B2A8AE7}.Release|Any CPU.ActiveCfg = Release|Any CPU
		{9FEB3CBB-860E-4084-BE45-E6965B2A8AE7}.Release|Any CPU.Build.0 = Release|Any CPU
	EndGlobalSection
	GlobalSection(SolutionProperties) = preSolution
		HideSolutionNode = FALSE
	EndGlobalSection
EndGlobal
